// !$*UTF8*$!
{
	archiveVersion = 1;
	classes = {
	};
	objectVersion = 50;
	objects = {

/* Begin PBXBuildFile section */
		56AAE1263EBC4C9F818A0A57 /* Pods_PlayPalAuth.framework in Frameworks */ = {isa = PBXBuildFile; fileRef = 3F0771B0A863F7FDABDB584B /* Pods_PlayPalAuth.framework */; };
		5A0F857F21EE902B008BADF6 /* AppDelegate.swift in Sources */ = {isa = PBXBuildFile; fileRef = 5A0F857E21EE902B008BADF6 /* AppDelegate.swift */; };
		5A0F858121EE902B008BADF6 /* ViewController.swift in Sources */ = {isa = PBXBuildFile; fileRef = 5A0F858021EE902B008BADF6 /* ViewController.swift */; };
		5A0F858421EE902B008BADF6 /* Main.storyboard in Resources */ = {isa = PBXBuildFile; fileRef = 5A0F858221EE902B008BADF6 /* Main.storyboard */; };
		5A0F858621EE902D008BADF6 /* Assets.xcassets in Resources */ = {isa = PBXBuildFile; fileRef = 5A0F858521EE902D008BADF6 /* Assets.xcassets */; };
		5A0F858921EE902D008BADF6 /* LaunchScreen.storyboard in Resources */ = {isa = PBXBuildFile; fileRef = 5A0F858721EE902D008BADF6 /* LaunchScreen.storyboard */; };
		5A0F859421EE902D008BADF6 /* PlayPalAuthTests.swift in Sources */ = {isa = PBXBuildFile; fileRef = 5A0F859321EE902D008BADF6 /* PlayPalAuthTests.swift */; };
		5A0F859F21EE9135008BADF6 /* GoogleService-Info.plist in Resources */ = {isa = PBXBuildFile; fileRef = 5A0F859E21EE9135008BADF6 /* GoogleService-Info.plist */; };
		5A0F85A021EE9135008BADF6 /* GoogleService-Info.plist in Resources */ = {isa = PBXBuildFile; fileRef = 5A0F859E21EE9135008BADF6 /* GoogleService-Info.plist */; };
		5A3069A721F6B2C100352AA8 /* SignedInVCViewController.swift in Sources */ = {isa = PBXBuildFile; fileRef = 5A3069A621F6B2C100352AA8 /* SignedInVCViewController.swift */; };
		5A54E3692200092700C8DC6B /* MultipleSectionsViewController.swift in Sources */ = {isa = PBXBuildFile; fileRef = 5A54E3682200092700C8DC6B /* MultipleSectionsViewController.swift */; };
		8BB581668B2EECDCFA80694B /* Pods_PlayPalAuthTests.framework in Frameworks */ = {isa = PBXBuildFile; fileRef = 95725995D2C9D0EBCBE39581 /* Pods_PlayPalAuthTests.framework */; };
/* End PBXBuildFile section */

/* Begin PBXContainerItemProxy section */
		5A0F859021EE902D008BADF6 /* PBXContainerItemProxy */ = {
			isa = PBXContainerItemProxy;
			containerPortal = 5A0F857321EE902B008BADF6 /* Project object */;
			proxyType = 1;
			remoteGlobalIDString = 5A0F857A21EE902B008BADF6;
			remoteInfo = PlayPalAuth;
		};
/* End PBXContainerItemProxy section */

/* Begin PBXFileReference section */
		3F0771B0A863F7FDABDB584B /* Pods_PlayPalAuth.framework */ = {isa = PBXFileReference; explicitFileType = wrapper.framework; includeInIndex = 0; path = Pods_PlayPalAuth.framework; sourceTree = BUILT_PRODUCTS_DIR; };
		58FD4AC27C280F8BD7CACBF0 /* Pods-PlayPalAuthTests.release.xcconfig */ = {isa = PBXFileReference; includeInIndex = 1; lastKnownFileType = text.xcconfig; name = "Pods-PlayPalAuthTests.release.xcconfig"; path = "Pods/Target Support Files/Pods-PlayPalAuthTests/Pods-PlayPalAuthTests.release.xcconfig"; sourceTree = "<group>"; };
		5A0F857B21EE902B008BADF6 /* PlayPalAuth.app */ = {isa = PBXFileReference; explicitFileType = wrapper.application; includeInIndex = 0; path = PlayPalAuth.app; sourceTree = BUILT_PRODUCTS_DIR; };
		5A0F857E21EE902B008BADF6 /* AppDelegate.swift */ = {isa = PBXFileReference; lastKnownFileType = sourcecode.swift; path = AppDelegate.swift; sourceTree = "<group>"; };
		5A0F858021EE902B008BADF6 /* ViewController.swift */ = {isa = PBXFileReference; lastKnownFileType = sourcecode.swift; path = ViewController.swift; sourceTree = "<group>"; };
		5A0F858321EE902B008BADF6 /* Base */ = {isa = PBXFileReference; lastKnownFileType = file.storyboard; name = Base; path = Base.lproj/Main.storyboard; sourceTree = "<group>"; };
		5A0F858521EE902D008BADF6 /* Assets.xcassets */ = {isa = PBXFileReference; lastKnownFileType = folder.assetcatalog; path = Assets.xcassets; sourceTree = "<group>"; };
		5A0F858821EE902D008BADF6 /* Base */ = {isa = PBXFileReference; lastKnownFileType = file.storyboard; name = Base; path = Base.lproj/LaunchScreen.storyboard; sourceTree = "<group>"; };
		5A0F858A21EE902D008BADF6 /* Info.plist */ = {isa = PBXFileReference; lastKnownFileType = text.plist.xml; path = Info.plist; sourceTree = "<group>"; };
		5A0F858F21EE902D008BADF6 /* PlayPalAuthTests.xctest */ = {isa = PBXFileReference; explicitFileType = wrapper.cfbundle; includeInIndex = 0; path = PlayPalAuthTests.xctest; sourceTree = BUILT_PRODUCTS_DIR; };
		5A0F859321EE902D008BADF6 /* PlayPalAuthTests.swift */ = {isa = PBXFileReference; lastKnownFileType = sourcecode.swift; path = PlayPalAuthTests.swift; sourceTree = "<group>"; };
		5A0F859521EE902D008BADF6 /* Info.plist */ = {isa = PBXFileReference; lastKnownFileType = text.plist.xml; path = Info.plist; sourceTree = "<group>"; };
		5A0F859E21EE9135008BADF6 /* GoogleService-Info.plist */ = {isa = PBXFileReference; fileEncoding = 4; lastKnownFileType = text.plist.xml; path = "GoogleService-Info.plist"; sourceTree = "<group>"; };
		5A3069A621F6B2C100352AA8 /* SignedInVCViewController.swift */ = {isa = PBXFileReference; lastKnownFileType = sourcecode.swift; path = SignedInVCViewController.swift; sourceTree = "<group>"; };
		5A54E3682200092700C8DC6B /* MultipleSectionsViewController.swift */ = {isa = PBXFileReference; lastKnownFileType = sourcecode.swift; path = MultipleSectionsViewController.swift; sourceTree = "<group>"; };
		7DB812C2346684140F9806FE /* Pods-PlayPalAuthTests.debug.xcconfig */ = {isa = PBXFileReference; includeInIndex = 1; lastKnownFileType = text.xcconfig; name = "Pods-PlayPalAuthTests.debug.xcconfig"; path = "Pods/Target Support Files/Pods-PlayPalAuthTests/Pods-PlayPalAuthTests.debug.xcconfig"; sourceTree = "<group>"; };
		95725995D2C9D0EBCBE39581 /* Pods_PlayPalAuthTests.framework */ = {isa = PBXFileReference; explicitFileType = wrapper.framework; includeInIndex = 0; path = Pods_PlayPalAuthTests.framework; sourceTree = BUILT_PRODUCTS_DIR; };
		D3DEB845576D620AB470EF57 /* Pods-PlayPalAuth.debug.xcconfig */ = {isa = PBXFileReference; includeInIndex = 1; lastKnownFileType = text.xcconfig; name = "Pods-PlayPalAuth.debug.xcconfig"; path = "Pods/Target Support Files/Pods-PlayPalAuth/Pods-PlayPalAuth.debug.xcconfig"; sourceTree = "<group>"; };
		E17884BD82A976834C900407 /* Pods-PlayPalAuth.release.xcconfig */ = {isa = PBXFileReference; includeInIndex = 1; lastKnownFileType = text.xcconfig; name = "Pods-PlayPalAuth.release.xcconfig"; path = "Pods/Target Support Files/Pods-PlayPalAuth/Pods-PlayPalAuth.release.xcconfig"; sourceTree = "<group>"; };
/* End PBXFileReference section */

/* Begin PBXFrameworksBuildPhase section */
		5A0F857821EE902B008BADF6 /* Frameworks */ = {
			isa = PBXFrameworksBuildPhase;
			buildActionMask = 2147483647;
			files = (
				56AAE1263EBC4C9F818A0A57 /* Pods_PlayPalAuth.framework in Frameworks */,
			);
			runOnlyForDeploymentPostprocessing = 0;
		};
		5A0F858C21EE902D008BADF6 /* Frameworks */ = {
			isa = PBXFrameworksBuildPhase;
			buildActionMask = 2147483647;
			files = (
				8BB581668B2EECDCFA80694B /* Pods_PlayPalAuthTests.framework in Frameworks */,
			);
			runOnlyForDeploymentPostprocessing = 0;
		};
/* End PBXFrameworksBuildPhase section */

/* Begin PBXGroup section */
		09DEFFD5F829B3F381853E77 /* Pods */ = {
			isa = PBXGroup;
			children = (
				D3DEB845576D620AB470EF57 /* Pods-PlayPalAuth.debug.xcconfig */,
				E17884BD82A976834C900407 /* Pods-PlayPalAuth.release.xcconfig */,
				7DB812C2346684140F9806FE /* Pods-PlayPalAuthTests.debug.xcconfig */,
				58FD4AC27C280F8BD7CACBF0 /* Pods-PlayPalAuthTests.release.xcconfig */,
			);
			name = Pods;
			sourceTree = "<group>";
		};
		5A0F857221EE902B008BADF6 = {
			isa = PBXGroup;
			children = (
				5A0F857D21EE902B008BADF6 /* PlayPalAuth */,
				5A0F859221EE902D008BADF6 /* PlayPalAuthTests */,
				5A0F857C21EE902B008BADF6 /* Products */,
				09DEFFD5F829B3F381853E77 /* Pods */,
				A6487CCDED8D091E442E9350 /* Frameworks */,
			);
			sourceTree = "<group>";
		};
		5A0F857C21EE902B008BADF6 /* Products */ = {
			isa = PBXGroup;
			children = (
				5A0F857B21EE902B008BADF6 /* PlayPalAuth.app */,
				5A0F858F21EE902D008BADF6 /* PlayPalAuthTests.xctest */,
			);
			name = Products;
			sourceTree = "<group>";
		};
		5A0F857D21EE902B008BADF6 /* PlayPalAuth */ = {
			isa = PBXGroup;
			children = (
				5A0F857E21EE902B008BADF6 /* AppDelegate.swift */,
				5A0F858021EE902B008BADF6 /* ViewController.swift */,
				5A0F858221EE902B008BADF6 /* Main.storyboard */,
				5A0F858521EE902D008BADF6 /* Assets.xcassets */,
				5A0F858721EE902D008BADF6 /* LaunchScreen.storyboard */,
				5A0F858A21EE902D008BADF6 /* Info.plist */,
				5A0F859E21EE9135008BADF6 /* GoogleService-Info.plist */,
				5A3069A621F6B2C100352AA8 /* SignedInVCViewController.swift */,
				5A54E3682200092700C8DC6B /* MultipleSectionsViewController.swift */,
			);
			path = PlayPalAuth;
			sourceTree = "<group>";
		};
		5A0F859221EE902D008BADF6 /* PlayPalAuthTests */ = {
			isa = PBXGroup;
			children = (
				5A0F859321EE902D008BADF6 /* PlayPalAuthTests.swift */,
				5A0F859521EE902D008BADF6 /* Info.plist */,
			);
			path = PlayPalAuthTests;
			sourceTree = "<group>";
		};
		A6487CCDED8D091E442E9350 /* Frameworks */ = {
			isa = PBXGroup;
			children = (
				3F0771B0A863F7FDABDB584B /* Pods_PlayPalAuth.framework */,
				95725995D2C9D0EBCBE39581 /* Pods_PlayPalAuthTests.framework */,
			);
			name = Frameworks;
			sourceTree = "<group>";
		};
/* End PBXGroup section */

/* Begin PBXNativeTarget section */
		5A0F857A21EE902B008BADF6 /* PlayPalAuth */ = {
			isa = PBXNativeTarget;
			buildConfigurationList = 5A0F859821EE902D008BADF6 /* Build configuration list for PBXNativeTarget "PlayPalAuth" */;
			buildPhases = (
				00B2AE1412EB6691CE65D923 /* [CP] Check Pods Manifest.lock */,
				5A0F857721EE902B008BADF6 /* Sources */,
				5A0F857821EE902B008BADF6 /* Frameworks */,
				5A0F857921EE902B008BADF6 /* Resources */,
				C7699F51738CC9DC7870931E /* [CP] Embed Pods Frameworks */,
				8F7D9EEE23E4BF92D34D7681 /* [CP] Copy Pods Resources */,
			);
			buildRules = (
			);
			dependencies = (
			);
			name = PlayPalAuth;
			productName = PlayPalAuth;
			productReference = 5A0F857B21EE902B008BADF6 /* PlayPalAuth.app */;
			productType = "com.apple.product-type.application";
		};
		5A0F858E21EE902D008BADF6 /* PlayPalAuthTests */ = {
			isa = PBXNativeTarget;
			buildConfigurationList = 5A0F859B21EE902D008BADF6 /* Build configuration list for PBXNativeTarget "PlayPalAuthTests" */;
			buildPhases = (
				CE0E7F33F0FF1148199A763B /* [CP] Check Pods Manifest.lock */,
				5A0F858B21EE902D008BADF6 /* Sources */,
				5A0F858C21EE902D008BADF6 /* Frameworks */,
				5A0F858D21EE902D008BADF6 /* Resources */,
			);
			buildRules = (
			);
			dependencies = (
				5A0F859121EE902D008BADF6 /* PBXTargetDependency */,
			);
			name = PlayPalAuthTests;
			productName = PlayPalAuthTests;
			productReference = 5A0F858F21EE902D008BADF6 /* PlayPalAuthTests.xctest */;
			productType = "com.apple.product-type.bundle.unit-test";
		};
/* End PBXNativeTarget section */

/* Begin PBXProject section */
		5A0F857321EE902B008BADF6 /* Project object */ = {
			isa = PBXProject;
			attributes = {
				LastSwiftUpdateCheck = 1010;
				LastUpgradeCheck = 1010;
				ORGANIZATIONNAME = vijay_tadimeti;
				TargetAttributes = {
					5A0F857A21EE902B008BADF6 = {
						CreatedOnToolsVersion = 10.1;
					};
					5A0F858E21EE902D008BADF6 = {
						CreatedOnToolsVersion = 10.1;
						TestTargetID = 5A0F857A21EE902B008BADF6;
					};
				};
			};
			buildConfigurationList = 5A0F857621EE902B008BADF6 /* Build configuration list for PBXProject "PlayPalAuth" */;
			compatibilityVersion = "Xcode 9.3";
			developmentRegion = en;
			hasScannedForEncodings = 0;
			knownRegions = (
				en,
				Base,
			);
			mainGroup = 5A0F857221EE902B008BADF6;
			productRefGroup = 5A0F857C21EE902B008BADF6 /* Products */;
			projectDirPath = "";
			projectRoot = "";
			targets = (
				5A0F857A21EE902B008BADF6 /* PlayPalAuth */,
				5A0F858E21EE902D008BADF6 /* PlayPalAuthTests */,
			);
		};
/* End PBXProject section */

/* Begin PBXResourcesBuildPhase section */
		5A0F857921EE902B008BADF6 /* Resources */ = {
			isa = PBXResourcesBuildPhase;
			buildActionMask = 2147483647;
			files = (
				5A0F858921EE902D008BADF6 /* LaunchScreen.storyboard in Resources */,
				5A0F859F21EE9135008BADF6 /* GoogleService-Info.plist in Resources */,
				5A0F858621EE902D008BADF6 /* Assets.xcassets in Resources */,
				5A0F858421EE902B008BADF6 /* Main.storyboard in Resources */,
			);
			runOnlyForDeploymentPostprocessing = 0;
		};
		5A0F858D21EE902D008BADF6 /* Resources */ = {
			isa = PBXResourcesBuildPhase;
			buildActionMask = 2147483647;
			files = (
				5A0F85A021EE9135008BADF6 /* GoogleService-Info.plist in Resources */,
			);
			runOnlyForDeploymentPostprocessing = 0;
		};
/* End PBXResourcesBuildPhase section */

/* Begin PBXShellScriptBuildPhase section */
		00B2AE1412EB6691CE65D923 /* [CP] Check Pods Manifest.lock */ = {
			isa = PBXShellScriptBuildPhase;
			buildActionMask = 2147483647;
			files = (
			);
			inputFileListPaths = (
			);
			inputPaths = (
				"${PODS_PODFILE_DIR_PATH}/Podfile.lock",
				"${PODS_ROOT}/Manifest.lock",
			);
			name = "[CP] Check Pods Manifest.lock";
			outputFileListPaths = (
			);
			outputPaths = (
				"$(DERIVED_FILE_DIR)/Pods-PlayPalAuth-checkManifestLockResult.txt",
			);
			runOnlyForDeploymentPostprocessing = 0;
			shellPath = /bin/sh;
			shellScript = "diff \"${PODS_PODFILE_DIR_PATH}/Podfile.lock\" \"${PODS_ROOT}/Manifest.lock\" > /dev/null\nif [ $? != 0 ] ; then\n    # print error to STDERR\n    echo \"error: The sandbox is not in sync with the Podfile.lock. Run 'pod install' or update your CocoaPods installation.\" >&2\n    exit 1\nfi\n# This output is used by Xcode 'outputs' to avoid re-running this script phase.\necho \"SUCCESS\" > \"${SCRIPT_OUTPUT_FILE_0}\"\n";
			showEnvVarsInLog = 0;
		};
		8F7D9EEE23E4BF92D34D7681 /* [CP] Copy Pods Resources */ = {
			isa = PBXShellScriptBuildPhase;
			buildActionMask = 2147483647;
			files = (
			);
			inputFileListPaths = (
			);
			inputPaths = (
				"${SRCROOT}/Pods/Target Support Files/Pods-PlayPalAuth/Pods-PlayPalAuth-resources.sh",
				"${PODS_CONFIGURATION_BUILD_DIR}/FirebaseUI/FirebaseAuthUI.bundle",
				"${PODS_ROOT}/GoogleSignIn/Resources/GoogleSignIn.bundle",
			);
			name = "[CP] Copy Pods Resources";
			outputFileListPaths = (
			);
			outputPaths = (
				"${TARGET_BUILD_DIR}/${UNLOCALIZED_RESOURCES_FOLDER_PATH}/FirebaseAuthUI.bundle",
				"${TARGET_BUILD_DIR}/${UNLOCALIZED_RESOURCES_FOLDER_PATH}/GoogleSignIn.bundle",
			);
			runOnlyForDeploymentPostprocessing = 0;
			shellPath = /bin/sh;
			shellScript = "\"${SRCROOT}/Pods/Target Support Files/Pods-PlayPalAuth/Pods-PlayPalAuth-resources.sh\"\n";
			showEnvVarsInLog = 0;
		};
		C7699F51738CC9DC7870931E /* [CP] Embed Pods Frameworks */ = {
			isa = PBXShellScriptBuildPhase;
			buildActionMask = 2147483647;
			files = (
			);
			inputFileListPaths = (
			);
			inputPaths = (
				"${SRCROOT}/Pods/Target Support Files/Pods-PlayPalAuth/Pods-PlayPalAuth-frameworks.sh",
				"${BUILT_PRODUCTS_DIR}/GTMSessionFetcher/GTMSessionFetcher.framework",
				"${BUILT_PRODUCTS_DIR}/GoogleToolboxForMac/GoogleToolboxForMac.framework",
				"${BUILT_PRODUCTS_DIR}/GoogleUtilities/GoogleUtilities.framework",
				"${BUILT_PRODUCTS_DIR}/nanopb/nanopb.framework",
			);
			name = "[CP] Embed Pods Frameworks";
			outputFileListPaths = (
			);
			outputPaths = (
				"${TARGET_BUILD_DIR}/${FRAMEWORKS_FOLDER_PATH}/GTMSessionFetcher.framework",
				"${TARGET_BUILD_DIR}/${FRAMEWORKS_FOLDER_PATH}/GoogleToolboxForMac.framework",
				"${TARGET_BUILD_DIR}/${FRAMEWORKS_FOLDER_PATH}/GoogleUtilities.framework",
				"${TARGET_BUILD_DIR}/${FRAMEWORKS_FOLDER_PATH}/nanopb.framework",
			);
			runOnlyForDeploymentPostprocessing = 0;
			shellPath = /bin/sh;
			shellScript = "\"${SRCROOT}/Pods/Target Support Files/Pods-PlayPalAuth/Pods-PlayPalAuth-frameworks.sh\"\n";
			showEnvVarsInLog = 0;
		};
		CE0E7F33F0FF1148199A763B /* [CP] Check Pods Manifest.lock */ = {
			isa = PBXShellScriptBuildPhase;
			buildActionMask = 2147483647;
			files = (
			);
			inputFileListPaths = (
			);
			inputPaths = (
				"${PODS_PODFILE_DIR_PATH}/Podfile.lock",
				"${PODS_ROOT}/Manifest.lock",
			);
			name = "[CP] Check Pods Manifest.lock";
			outputFileListPaths = (
			);
			outputPaths = (
				"$(DERIVED_FILE_DIR)/Pods-PlayPalAuthTests-checkManifestLockResult.txt",
			);
			runOnlyForDeploymentPostprocessing = 0;
			shellPath = /bin/sh;
			shellScript = "diff \"${PODS_PODFILE_DIR_PATH}/Podfile.lock\" \"${PODS_ROOT}/Manifest.lock\" > /dev/null\nif [ $? != 0 ] ; then\n    # print error to STDERR\n    echo \"error: The sandbox is not in sync with the Podfile.lock. Run 'pod install' or update your CocoaPods installation.\" >&2\n    exit 1\nfi\n# This output is used by Xcode 'outputs' to avoid re-running this script phase.\necho \"SUCCESS\" > \"${SCRIPT_OUTPUT_FILE_0}\"\n";
			showEnvVarsInLog = 0;
		};
/* End PBXShellScriptBuildPhase section */

/* Begin PBXSourcesBuildPhase section */
		5A0F857721EE902B008BADF6 /* Sources */ = {
			isa = PBXSourcesBuildPhase;
			buildActionMask = 2147483647;
			files = (
				5A0F858121EE902B008BADF6 /* ViewController.swift in Sources */,
				5A3069A721F6B2C100352AA8 /* SignedInVCViewController.swift in Sources */,
				5A54E3692200092700C8DC6B /* MultipleSectionsViewController.swift in Sources */,
				5A0F857F21EE902B008BADF6 /* AppDelegate.swift in Sources */,
			);
			runOnlyForDeploymentPostprocessing = 0;
		};
		5A0F858B21EE902D008BADF6 /* Sources */ = {
			isa = PBXSourcesBuildPhase;
			buildActionMask = 2147483647;
			files = (
				5A0F859421EE902D008BADF6 /* PlayPalAuthTests.swift in Sources */,
			);
			runOnlyForDeploymentPostprocessing = 0;
		};
/* End PBXSourcesBuildPhase section */

/* Begin PBXTargetDependency section */
		5A0F859121EE902D008BADF6 /* PBXTargetDependency */ = {
			isa = PBXTargetDependency;
			target = 5A0F857A21EE902B008BADF6 /* PlayPalAuth */;
			targetProxy = 5A0F859021EE902D008BADF6 /* PBXContainerItemProxy */;
		};
/* End PBXTargetDependency section */

/* Begin PBXVariantGroup section */
		5A0F858221EE902B008BADF6 /* Main.storyboard */ = {
			isa = PBXVariantGroup;
			children = (
				5A0F858321EE902B008BADF6 /* Base */,
			);
			name = Main.storyboard;
			sourceTree = "<group>";
		};
		5A0F858721EE902D008BADF6 /* LaunchScreen.storyboard */ = {
			isa = PBXVariantGroup;
			children = (
				5A0F858821EE902D008BADF6 /* Base */,
			);
			name = LaunchScreen.storyboard;
			sourceTree = "<group>";
		};
/* End PBXVariantGroup section */

/* Begin XCBuildConfiguration section */
		5A0F859621EE902D008BADF6 /* Debug */ = {
			isa = XCBuildConfiguration;
			buildSettings = {
				ALWAYS_SEARCH_USER_PATHS = NO;
				CLANG_ANALYZER_NONNULL = YES;
				CLANG_ANALYZER_NUMBER_OBJECT_CONVERSION = YES_AGGRESSIVE;
				CLANG_CXX_LANGUAGE_STANDARD = "gnu++14";
				CLANG_CXX_LIBRARY = "libc++";
				CLANG_ENABLE_MODULES = YES;
				CLANG_ENABLE_OBJC_ARC = YES;
				CLANG_ENABLE_OBJC_WEAK = YES;
				CLANG_WARN_BLOCK_CAPTURE_AUTORELEASING = YES;
				CLANG_WARN_BOOL_CONVERSION = YES;
				CLANG_WARN_COMMA = YES;
				CLANG_WARN_CONSTANT_CONVERSION = YES;
				CLANG_WARN_DEPRECATED_OBJC_IMPLEMENTATIONS = YES;
				CLANG_WARN_DIRECT_OBJC_ISA_USAGE = YES_ERROR;
				CLANG_WARN_DOCUMENTATION_COMMENTS = YES;
				CLANG_WARN_EMPTY_BODY = YES;
				CLANG_WARN_ENUM_CONVERSION = YES;
				CLANG_WARN_INFINITE_RECURSION = YES;
				CLANG_WARN_INT_CONVERSION = YES;
				CLANG_WARN_NON_LITERAL_NULL_CONVERSION = YES;
				CLANG_WARN_OBJC_IMPLICIT_RETAIN_SELF = YES;
				CLANG_WARN_OBJC_LITERAL_CONVERSION = YES;
				CLANG_WARN_OBJC_ROOT_CLASS = YES_ERROR;
				CLANG_WARN_RANGE_LOOP_ANALYSIS = YES;
				CLANG_WARN_STRICT_PROTOTYPES = YES;
				CLANG_WARN_SUSPICIOUS_MOVE = YES;
				CLANG_WARN_UNGUARDED_AVAILABILITY = YES_AGGRESSIVE;
				CLANG_WARN_UNREACHABLE_CODE = YES;
				CLANG_WARN__DUPLICATE_METHOD_MATCH = YES;
				CODE_SIGN_IDENTITY = "iPhone Developer";
				COPY_PHASE_STRIP = NO;
				DEBUG_INFORMATION_FORMAT = dwarf;
				ENABLE_STRICT_OBJC_MSGSEND = YES;
				ENABLE_TESTABILITY = YES;
				GCC_C_LANGUAGE_STANDARD = gnu11;
				GCC_DYNAMIC_NO_PIC = NO;
				GCC_NO_COMMON_BLOCKS = YES;
				GCC_OPTIMIZATION_LEVEL = 0;
				GCC_PREPROCESSOR_DEFINITIONS = (
					"DEBUG=1",
					"$(inherited)",
				);
				GCC_WARN_64_TO_32_BIT_CONVERSION = YES;
				GCC_WARN_ABOUT_RETURN_TYPE = YES_ERROR;
				GCC_WARN_UNDECLARED_SELECTOR = YES;
				GCC_WARN_UNINITIALIZED_AUTOS = YES_AGGRESSIVE;
				GCC_WARN_UNUSED_FUNCTION = YES;
				GCC_WARN_UNUSED_VARIABLE = YES;
				IPHONEOS_DEPLOYMENT_TARGET = 12.1;
				MTL_ENABLE_DEBUG_INFO = INCLUDE_SOURCE;
				MTL_FAST_MATH = YES;
				ONLY_ACTIVE_ARCH = YES;
				SDKROOT = iphoneos;
				SWIFT_ACTIVE_COMPILATION_CONDITIONS = DEBUG;
				SWIFT_OPTIMIZATION_LEVEL = "-Onone";
			};
			name = Debug;
		};
		5A0F859721EE902D008BADF6 /* Release */ = {
			isa = XCBuildConfiguration;
			buildSettings = {
				ALWAYS_SEARCH_USER_PATHS = NO;
				CLANG_ANALYZER_NONNULL = YES;
				CLANG_ANALYZER_NUMBER_OBJECT_CONVERSION = YES_AGGRESSIVE;
				CLANG_CXX_LANGUAGE_STANDARD = "gnu++14";
				CLANG_CXX_LIBRARY = "libc++";
				CLANG_ENABLE_MODULES = YES;
				CLANG_ENABLE_OBJC_ARC = YES;
				CLANG_ENABLE_OBJC_WEAK = YES;
				CLANG_WARN_BLOCK_CAPTURE_AUTORELEASING = YES;
				CLANG_WARN_BOOL_CONVERSION = YES;
				CLANG_WARN_COMMA = YES;
				CLANG_WARN_CONSTANT_CONVERSION = YES;
				CLANG_WARN_DEPRECATED_OBJC_IMPLEMENTATIONS = YES;
				CLANG_WARN_DIRECT_OBJC_ISA_USAGE = YES_ERROR;
				CLANG_WARN_DOCUMENTATION_COMMENTS = YES;
				CLANG_WARN_EMPTY_BODY = YES;
				CLANG_WARN_ENUM_CONVERSION = YES;
				CLANG_WARN_INFINITE_RECURSION = YES;
				CLANG_WARN_INT_CONVERSION = YES;
				CLANG_WARN_NON_LITERAL_NULL_CONVERSION = YES;
				CLANG_WARN_OBJC_IMPLICIT_RETAIN_SELF = YES;
				CLANG_WARN_OBJC_LITERAL_CONVERSION = YES;
				CLANG_WARN_OBJC_ROOT_CLASS = YES_ERROR;
				CLANG_WARN_RANGE_LOOP_ANALYSIS = YES;
				CLANG_WARN_STRICT_PROTOTYPES = YES;
				CLANG_WARN_SUSPICIOUS_MOVE = YES;
				CLANG_WARN_UNGUARDED_AVAILABILITY = YES_AGGRESSIVE;
				CLANG_WARN_UNREACHABLE_CODE = YES;
				CLANG_WARN__DUPLICATE_METHOD_MATCH = YES;
				CODE_SIGN_IDENTITY = "iPhone Developer";
				COPY_PHASE_STRIP = NO;
				DEBUG_INFORMATION_FORMAT = "dwarf-with-dsym";
				ENABLE_NS_ASSERTIONS = NO;
				ENABLE_STRICT_OBJC_MSGSEND = YES;
				GCC_C_LANGUAGE_STANDARD = gnu11;
				GCC_NO_COMMON_BLOCKS = YES;
				GCC_WARN_64_TO_32_BIT_CONVERSION = YES;
				GCC_WARN_ABOUT_RETURN_TYPE = YES_ERROR;
				GCC_WARN_UNDECLARED_SELECTOR = YES;
				GCC_WARN_UNINITIALIZED_AUTOS = YES_AGGRESSIVE;
				GCC_WARN_UNUSED_FUNCTION = YES;
				GCC_WARN_UNUSED_VARIABLE = YES;
				IPHONEOS_DEPLOYMENT_TARGET = 12.1;
				MTL_ENABLE_DEBUG_INFO = NO;
				MTL_FAST_MATH = YES;
				SDKROOT = iphoneos;
				SWIFT_COMPILATION_MODE = wholemodule;
				SWIFT_OPTIMIZATION_LEVEL = "-O";
				VALIDATE_PRODUCT = YES;
			};
			name = Release;
		};
		5A0F859921EE902D008BADF6 /* Debug */ = {
			isa = XCBuildConfiguration;
			baseConfigurationReference = D3DEB845576D620AB470EF57 /* Pods-PlayPalAuth.debug.xcconfig */;
			buildSettings = {
				ASSETCATALOG_COMPILER_APPICON_NAME = AppIcon;
				CODE_SIGN_STYLE = Automatic;
				INFOPLIST_FILE = PlayPalAuth/Info.plist;
				LD_RUNPATH_SEARCH_PATHS = (
					"$(inherited)",
					"@executable_path/Frameworks",
				);
				PRODUCT_BUNDLE_IDENTIFIER = com.PlayPal.PlayPalAuth;
				PRODUCT_NAME = "$(TARGET_NAME)";
				SWIFT_VERSION = 4.2;
				TARGETED_DEVICE_FAMILY = "1,2";
			};
			name = Debug;
		};
		5A0F859A21EE902D008BADF6 /* Release */ = {
			isa = XCBuildConfiguration;
			baseConfigurationReference = E17884BD82A976834C900407 /* Pods-PlayPalAuth.release.xcconfig */;
			buildSettings = {
				ASSETCATALOG_COMPILER_APPICON_NAME = AppIcon;
				CODE_SIGN_STYLE = Automatic;
				INFOPLIST_FILE = PlayPalAuth/Info.plist;
				LD_RUNPATH_SEARCH_PATHS = (
					"$(inherited)",
					"@executable_path/Frameworks",
				);
				PRODUCT_BUNDLE_IDENTIFIER = com.PlayPal.PlayPalAuth;
				PRODUCT_NAME = "$(TARGET_NAME)";
				SWIFT_VERSION = 4.2;
				TARGETED_DEVICE_FAMILY = "1,2";
			};
			name = Release;
		};
		5A0F859C21EE902D008BADF6 /* Debug */ = {
			isa = XCBuildConfiguration;
			baseConfigurationReference = 7DB812C2346684140F9806FE /* Pods-PlayPalAuthTests.debug.xcconfig */;
			buildSettings = {
				ALWAYS_EMBED_SWIFT_STANDARD_LIBRARIES = YES;
				BUNDLE_LOADER = "$(TEST_HOST)";
				CODE_SIGN_STYLE = Automatic;
				INFOPLIST_FILE = PlayPalAuthTests/Info.plist;
				LD_RUNPATH_SEARCH_PATHS = (
					"$(inherited)",
					"@executable_path/Frameworks",
					"@loader_path/Frameworks",
				);
				PRODUCT_BUNDLE_IDENTIFIER = com.PlayPal.PlayPalAuthTests;
				PRODUCT_NAME = "$(TARGET_NAME)";
				SWIFT_VERSION = 4.2;
				TARGETED_DEVICE_FAMILY = "1,2";
				TEST_HOST = "$(BUILT_PRODUCTS_DIR)/PlayPalAuth.app/PlayPalAuth";
			};
			name = Debug;
		};
		5A0F859D21EE902D008BADF6 /* Release */ = {
			isa = XCBuildConfiguration;
			baseConfigurationReference = 58FD4AC27C280F8BD7CACBF0 /* Pods-PlayPalAuthTests.release.xcconfig */;
			buildSettings = {
				ALWAYS_EMBED_SWIFT_STANDARD_LIBRARIES = YES;
				BUNDLE_LOADER = "$(TEST_HOST)";
				CODE_SIGN_STYLE = Automatic;
				INFOPLIST_FILE = PlayPalAuthTests/Info.plist;
				LD_RUNPATH_SEARCH_PATHS = (
					"$(inherited)",
					"@executable_path/Frameworks",
					"@loader_path/Frameworks",
				);
				PRODUCT_BUNDLE_IDENTIFIER = com.PlayPal.PlayPalAuthTests;
				PRODUCT_NAME = "$(TARGET_NAME)";
				SWIFT_VERSION = 4.2;
				TARGETED_DEVICE_FAMILY = "1,2";
				TEST_HOST = "$(BUILT_PRODUCTS_DIR)/PlayPalAuth.app/PlayPalAuth";
			};
			name = Release;
		};
/* End XCBuildConfiguration section */

/* Begin XCConfigurationList section */
		5A0F857621EE902B008BADF6 /* Build configuration list for PBXProject "PlayPalAuth" */ = {
			isa = XCConfigurationList;
			buildConfigurations = (
				5A0F859621EE902D008BADF6 /* Debug */,
				5A0F859721EE902D008BADF6 /* Release */,
			);
			defaultConfigurationIsVisible = 0;
			defaultConfigurationName = Release;
		};
		5A0F859821EE902D008BADF6 /* Build configuration list for PBXNativeTarget "PlayPalAuth" */ = {
			isa = XCConfigurationList;
			buildConfigurations = (
				5A0F859921EE902D008BADF6 /* Debug */,
				5A0F859A21EE902D008BADF6 /* Release */,
			);
			defaultConfigurationIsVisible = 0;
			defaultConfigurationName = Release;
		};
		5A0F859B21EE902D008BADF6 /* Build configuration list for PBXNativeTarget "PlayPalAuthTests" */ = {
			isa = XCConfigurationList;
			buildConfigurations = (
				5A0F859C21EE902D008BADF6 /* Debug */,
				5A0F859D21EE902D008BADF6 /* Release */,
			);
			defaultConfigurationIsVisible = 0;
			defaultConfigurationName = Release;
		};
/* End XCConfigurationList section */
	};
	rootObject = 5A0F857321EE902B008BADF6 /* Project object */;
}
